
Microsoft Visual Studio Solution File, Format Version 12.00
# Visual Studio Version 17
VisualStudioVersion = 17.3.32811.315
MinimumVisualStudioVersion = 10.0.40219.1
Project("{FAE04EC0-301F-11D3-BF4B-00C04F79EFBC}") = "cursed.UWP", "cursed\cursed.UWP\cursed.UWP.csproj", "{3AA3FB5D-C4F2-49DD-B065-857D84E5CAE4}"
EndProject
Project("{FAE04EC0-301F-11D3-BF4B-00C04F79EFBC}") = "cursed.Android", "cursed\cursed.Android\cursed.Android.csproj", "{304DD72E-C534-4E61-9679-6C8855ECF6EE}"
EndProject
Project("{FAE04EC0-301F-11D3-BF4B-00C04F79EFBC}") = "cursed.iOS", "cursed\cursed.iOS\cursed.iOS.csproj", "{5F6F1B47-F2CD-4670-A0A9-8D75F0E922A8}"
EndProject
Project("{FAE04EC0-301F-11D3-BF4B-00C04F79EFBC}") = "cursed", "cursed\cursed\cursed.csproj", "{5D90FFF8-A330-43B6-96B9-6801537F959D}"
EndProject
Global
	GlobalSection(SolutionConfigurationPlatforms) = preSolution
		Debug|Any CPU = Debug|Any CPU
		Debug|ARM = Debug|ARM
		Debug|iPhone = Debug|iPhone
		Debug|iPhoneSimulator = Debug|iPhoneSimulator
		Debug|x64 = Debug|x64
		Debug|x86 = Debug|x86
		Release|Any CPU = Release|Any CPU
		Release|ARM = Release|ARM
		Release|iPhone = Release|iPhone
		Release|iPhoneSimulator = Release|iPhoneSimulator
		Release|x64 = Release|x64
		Release|x86 = Release|x86
	EndGlobalSection
	GlobalSection(ProjectConfigurationPlatforms) = postSolution
		{3AA3FB5D-C4F2-49DD-B065-857D84E5CAE4}.Debug|Any CPU.ActiveCfg = Debug|x64
		{3AA3FB5D-C4F2-49DD-B065-857D84E5CAE4}.Debug|Any CPU.Build.0 = Debug|x64
		{3AA3FB5D-C4F2-49DD-B065-857D84E5CAE4}.Debug|Any CPU.Deploy.0 = Debug|x64
		{3AA3FB5D-C4F2-49DD-B065-857D84E5CAE4}.Debug|ARM.ActiveCfg = Debug|ARM
		{3AA3FB5D-C4F2-49DD-B065-857D84E5CAE4}.Debug|ARM.Build.0 = Debug|ARM
		{3AA3FB5D-C4F2-49DD-B065-857D84E5CAE4}.Debug|ARM.Deploy.0 = Debug|ARM
		{3AA3FB5D-C4F2-49DD-B065-857D84E5CAE4}.Debug|iPhone.ActiveCfg = Debug|x64
		{3AA3FB5D-C4F2-49DD-B065-857D84E5CAE4}.Debug|iPhone.Build.0 = Debug|x64
		{3AA3FB5D-C4F2-49DD-B065-857D84E5CAE4}.Debug|iPhone.Deploy.0 = Debug|x64
		{3AA3FB5D-C4F2-49DD-B065-857D84E5CAE4}.Debug|iPhoneSimulator.ActiveCfg = Debug|x64
		{3AA3FB5D-C4F2-49DD-B065-857D84E5CAE4}.Debug|iPhoneSimulator.Build.0 = Debug|x64
		{3AA3FB5D-C4F2-49DD-B065-857D84E5CAE4}.Debug|iPhoneSimulator.Deploy.0 = Debug|x64
		{3AA3FB5D-C4F2-49DD-B065-857D84E5CAE4}.Debug|x64.ActiveCfg = Debug|x64
		{3AA3FB5D-C4F2-49DD-B065-857D84E5CAE4}.Debug|x64.Build.0 = Debug|x64
		{3AA3FB5D-C4F2-49DD-B065-857D84E5CAE4}.Debug|x64.Deploy.0 = Debug|x64
		{3AA3FB5D-C4F2-49DD-B065-857D84E5CAE4}.Debug|x86.ActiveCfg = Debug|x86
		{3AA3FB5D-C4F2-49DD-B065-857D84E5CAE4}.Debug|x86.Build.0 = Debug|x86
		{3AA3FB5D-C4F2-49DD-B065-857D84E5CAE4}.Debug|x86.Deploy.0 = Debug|x86
		{3AA3FB5D-C4F2-49DD-B065-857D84E5CAE4}.Release|Any CPU.ActiveCfg = Release|x64
		{3AA3FB5D-C4F2-49DD-B065-857D84E5CAE4}.Release|Any CPU.Build.0 = Release|x64
		{3AA3FB5D-C4F2-49DD-B065-857D84E5CAE4}.Release|Any CPU.Deploy.0 = Release|x64
		{3AA3FB5D-C4F2-49DD-B065-857D84E5CAE4}.Release|ARM.ActiveCfg = Release|ARM
		{3AA3FB5D-C4F2-49DD-B065-857D84E5CAE4}.Release|ARM.Build.0 = Release|ARM
		{3AA3FB5D-C4F2-49DD-B065-857D84E5CAE4}.Release|ARM.Deploy.0 = Release|ARM
		{3AA3FB5D-C4F2-49DD-B065-857D84E5CAE4}.Release|iPhone.ActiveCfg = Release|x64
		{3AA3FB5D-C4F2-49DD-B065-857D84E5CAE4}.Release|iPhone.Build.0 = Release|x64
		{3AA3FB5D-C4F2-49DD-B065-857D84E5CAE4}.Release|iPhone.Deploy.0 = Release|x64
		{3AA3FB5D-C4F2-49DD-B065-857D84E5CAE4}.Release|iPhoneSimulator.ActiveCfg = Release|x64
		{3AA3FB5D-C4F2-49DD-B065-857D84E5CAE4}.Release|iPhoneSimulator.Build.0 = Release|x64
		{3AA3FB5D-C4F2-49DD-B065-857D84E5CAE4}.Release|iPhoneSimulator.Deploy.0 = Release|x64
		{3AA3FB5D-C4F2-49DD-B065-857D84E5CAE4}.Release|x64.ActiveCfg = Release|x64
		{3AA3FB5D-C4F2-49DD-B065-857D84E5CAE4}.Release|x64.Build.0 = Release|x64
		{3AA3FB5D-C4F2-49DD-B065-857D84E5CAE4}.Release|x64.Deploy.0 = Release|x64
		{3AA3FB5D-C4F2-49DD-B065-857D84E5CAE4}.Release|x86.ActiveCfg = Release|x86
		{3AA3FB5D-C4F2-49DD-B065-857D84E5CAE4}.Release|x86.Build.0 = Release|x86
		{3AA3FB5D-C4F2-49DD-B065-857D84E5CAE4}.Release|x86.Deploy.0 = Release|x86
		{304DD72E-C534-4E61-9679-6C8855ECF6EE}.Debug|Any CPU.ActiveCfg = Debug|Any CPU
		{304DD72E-C534-4E61-9679-6C8855ECF6EE}.Debug|Any CPU.Build.0 = Debug|Any CPU
		{304DD72E-C534-4E61-9679-6C8855ECF6EE}.Debug|Any CPU.Deploy.0 = Debug|Any CPU
		{304DD72E-C534-4E61-9679-6C8855ECF6EE}.Debug|ARM.ActiveCfg = Debug|Any CPU
		{304DD72E-C534-4E61-9679-6C8855ECF6EE}.Debug|ARM.Build.0 = Debug|Any CPU
		{304DD72E-C534-4E61-9679-6C8855ECF6EE}.Debug|ARM.Deploy.0 = Debug|Any CPU
		{304DD72E-C534-4E61-9679-6C8855ECF6EE}.Debug|iPhone.ActiveCfg = Debug|Any CPU
		{304DD72E-C534-4E61-9679-6C8855ECF6EE}.Debug|iPhone.Build.0 = Debug|Any CPU
		{304DD72E-C534-4E61-9679-6C8855ECF6EE}.Debug|iPhone.Deploy.0 = Debug|Any CPU
		{304DD72E-C534-4E61-9679-6C8855ECF6EE}.Debug|iPhoneSimulator.ActiveCfg = Debug|Any CPU
		{304DD72E-C534-4E61-9679-6C8855ECF6EE}.Debug|iPhoneSimulator.Build.0 = Debug|Any CPU
		{304DD72E-C534-4E61-9679-6C8855ECF6EE}.Debug|iPhoneSimulator.Deploy.0 = Debug|Any CPU
		{304DD72E-C534-4E61-9679-6C8855ECF6EE}.Debug|x64.ActiveCfg = Debug|Any CPU
		{304DD72E-C534-4E61-9679-6C8855ECF6EE}.Debug|x64.Build.0 = Debug|Any CPU
		{304DD72E-C534-4E61-9679-6C8855ECF6EE}.Debug|x64.Deploy.0 = Debug|Any CPU
		{304DD72E-C534-4E61-9679-6C8855ECF6EE}.Debug|x86.ActiveCfg = Debug|Any CPU
		{304DD72E-C534-4E61-9679-6C8855ECF6EE}.Debug|x86.Build.0 = Debug|Any CPU
		{304DD72E-C534-4E61-9679-6C8855ECF6EE}.Debug|x86.Deploy.0 = Debug|Any CPU
		{304DD72E-C534-4E61-9679-6C8855ECF6EE}.Release|Any CPU.ActiveCfg = Release|Any CPU
		{304DD72E-C534-4E61-9679-6C8855ECF6EE}.Release|Any CPU.Build.0 = Release|Any CPU
		{304DD72E-C534-4E61-9679-6C8855ECF6EE}.Release|Any CPU.Deploy.0 = Release|Any CPU
		{304DD72E-C534-4E61-9679-6C8855ECF6EE}.Release|ARM.ActiveCfg = Release|Any CPU
		{304DD72E-C534-4E61-9679-6C8855ECF6EE}.Release|ARM.Build.0 = Release|Any CPU
		{304DD72E-C534-4E61-9679-6C8855ECF6EE}.Release|ARM.Deploy.0 = Release|Any CPU
		{304DD72E-C534-4E61-9679-6C8855ECF6EE}.Release|iPhone.ActiveCfg = Release|Any CPU
		{304DD72E-C534-4E61-9679-6C8855ECF6EE}.Release|iPhone.Build.0 = Release|Any CPU
		{304DD72E-C534-4E61-9679-6C8855ECF6EE}.Release|iPhone.Deploy.0 = Release|Any CPU
		{304DD72E-C534-4E61-9679-6C8855ECF6EE}.Release|iPhoneSimulator.ActiveCfg = Release|Any CPU
		{304DD72E-C534-4E61-9679-6C8855ECF6EE}.Release|iPhoneSimulator.Build.0 = Release|Any CPU
		{304DD72E-C534-4E61-9679-6C8855ECF6EE}.Release|iPhoneSimulator.Deploy.0 = Release|Any CPU
		{304DD72E-C534-4E61-9679-6C8855ECF6EE}.Release|x64.ActiveCfg = Release|Any CPU
		{304DD72E-C534-4E61-9679-6C8855ECF6EE}.Release|x64.Build.0 = Release|Any CPU
		{304DD72E-C534-4E61-9679-6C8855ECF6EE}.Release|x64.Deploy.0 = Release|Any CPU
		{304DD72E-C534-4E61-9679-6C8855ECF6EE}.Release|x86.ActiveCfg = Release|Any CPU
		{304DD72E-C534-4E61-9679-6C8855ECF6EE}.Release|x86.Build.0 = Release|Any CPU
		{304DD72E-C534-4E61-9679-6C8855ECF6EE}.Release|x86.Deploy.0 = Release|Any CPU
		{5F6F1B47-F2CD-4670-A0A9-8D75F0E922A8}.Debug|Any CPU.ActiveCfg = Debug|iPhoneSimulator
		{5F6F1B47-F2CD-4670-A0A9-8D75F0E922A8}.Debug|Any CPU.Build.0 = Debug|iPhoneSimulator
		{5F6F1B47-F2CD-4670-A0A9-8D75F0E922A8}.Debug|Any CPU.Deploy.0 = Debug|iPhoneSimulator
		{5F6F1B47-F2CD-4670-A0A9-8D75F0E922A8}.Debug|ARM.ActiveCfg = Debug|iPhoneSimulator
		{5F6F1B47-F2CD-4670-A0A9-8D75F0E922A8}.Debug|ARM.Build.0 = Debug|iPhoneSimulator
		{5F6F1B47-F2CD-4670-A0A9-8D75F0E922A8}.Debug|ARM.Deploy.0 = Debug|iPhoneSimulator
		{5F6F1B47-F2CD-4670-A0A9-8D75F0E922A8}.Debug|iPhone.ActiveCfg = Debug|iPhone
		{5F6F1B47-F2CD-4670-A0A9-8D75F0E922A8}.Debug|iPhone.Build.0 = Debug|iPhone
		{5F6F1B47-F2CD-4670-A0A9-8D75F0E922A8}.Debug|iPhone.Deploy.0 = Debug|iPhone
		{5F6F1B47-F2CD-4670-A0A9-8D75F0E922A8}.Debug|iPhoneSimulator.ActiveCfg = Debug|iPhoneSimulator
		{5F6F1B47-F2CD-4670-A0A9-8D75F0E922A8}.Debug|iPhoneSimulator.Build.0 = Debug|iPhoneSimulator
		{5F6F1B47-F2CD-4670-A0A9-8D75F0E922A8}.Debug|iPhoneSimulator.Deploy.0 = Debug|iPhoneSimulator
		{5F6F1B47-F2CD-4670-A0A9-8D75F0E922A8}.Debug|x64.ActiveCfg = Debug|iPhone
		{5F6F1B47-F2CD-4670-A0A9-8D75F0E922A8}.Debug|x64.Build.0 = Debug|iPhone
		{5F6F1B47-F2CD-4670-A0A9-8D75F0E922A8}.Debug|x64.Deploy.0 = Debug|iPhone
		{5F6F1B47-F2CD-4670-A0A9-8D75F0E922A8}.Debug|x86.ActiveCfg = Debug|iPhoneSimulator
		{5F6F1B47-F2CD-4670-A0A9-8D75F0E922A8}.Debug|x86.Build.0 = Debug|iPhoneSimulator
		{5F6F1B47-F2CD-4670-A0A9-8D75F0E922A8}.Debug|x86.Deploy.0 = Debug|iPhoneSimulator
		{5F6F1B47-F2CD-4670-A0A9-8D75F0E922A8}.Release|Any CPU.ActiveCfg = Release|iPhoneSimulator
		{5F6F1B47-F2CD-4670-A0A9-8D75F0E922A8}.Release|Any CPU.Build.0 = Release|iPhoneSimulator
		{5F6F1B47-F2CD-4670-A0A9-8D75F0E922A8}.Release|Any CPU.Deploy.0 = Release|iPhoneSimulator
		{5F6F1B47-F2CD-4670-A0A9-8D75F0E922A8}.Release|ARM.ActiveCfg = Release|iPhoneSimulator
		{5F6F1B47-F2CD-4670-A0A9-8D75F0E922A8}.Release|ARM.Build.0 = Release|iPhoneSimulator
		{5F6F1B47-F2CD-4670-A0A9-8D75F0E922A8}.Release|ARM.Deploy.0 = Release|iPhoneSimulator
		{5F6F1B47-F2CD-4670-A0A9-8D75F0E922A8}.Release|iPhone.ActiveCfg = Release|iPhone
		{5F6F1B47-F2CD-4670-A0A9-8D75F0E922A8}.Release|iPhone.Build.0 = Release|iPhone
		{5F6F1B47-F2CD-4670-A0A9-8D75F0E922A8}.Release|iPhone.Deploy.0 = Release|iPhone
		{5F6F1B47-F2CD-4670-A0A9-8D75F0E922A8}.Release|iPhoneSimulator.ActiveCfg = Release|iPhoneSimulator
		{5F6F1B47-F2CD-4670-A0A9-8D75F0E922A8}.Release|iPhoneSimulator.Build.0 = Release|iPhoneSimulator
		{5F6F1B47-F2CD-4670-A0A9-8D75F0E922A8}.Release|iPhoneSimulator.Deploy.0 = Release|iPhoneSimulator
		{5F6F1B47-F2CD-4670-A0A9-8D75F0E922A8}.Release|x64.ActiveCfg = Release|iPhoneSimulator
		{5F6F1B47-F2CD-4670-A0A9-8D75F0E922A8}.Release|x64.Build.0 = Release|iPhoneSimulator
		{5F6F1B47-F2CD-4670-A0A9-8D75F0E922A8}.Release|x64.Deploy.0 = Release|iPhoneSimulator
		{5F6F1B47-F2CD-4670-A0A9-8D75F0E922A8}.Release|x86.ActiveCfg = Release|iPhoneSimulator
		{5F6F1B47-F2CD-4670-A0A9-8D75F0E922A8}.Release|x86.Build.0 = Release|iPhoneSimulator
		{5F6F1B47-F2CD-4670-A0A9-8D75F0E922A8}.Release|x86.Deploy.0 = Release|iPhoneSimulator
		{5D90FFF8-A330-43B6-96B9-6801537F959D}.Debug|Any CPU.ActiveCfg = Debug|Any CPU
		{5D90FFF8-A330-43B6-96B9-6801537F959D}.Debug|Any CPU.Build.0 = Debug|Any CPU
		{5D90FFF8-A330-43B6-96B9-6801537F959D}.Debug|Any CPU.Deploy.0 = Debug|Any CPU
		{5D90FFF8-A330-43B6-96B9-6801537F959D}.Debug|ARM.ActiveCfg = Debug|Any CPU
		{5D90FFF8-A330-43B6-96B9-6801537F959D}.Debug|ARM.Build.0 = Debug|Any CPU
		{5D90FFF8-A330-43B6-96B9-6801537F959D}.Debug|ARM.Deploy.0 = Debug|Any CPU
		{5D90FFF8-A330-43B6-96B9-6801537F959D}.Debug|iPhone.ActiveCfg = Debug|Any CPU
		{5D90FFF8-A330-43B6-96B9-6801537F959D}.Debug|iPhone.Build.0 = Debug|Any CPU
		{5D90FFF8-A330-43B6-96B9-6801537F959D}.Debug|iPhone.Deploy.0 = Debug|Any CPU
		{5D90FFF8-A330-43B6-96B9-6801537F959D}.Debug|iPhoneSimulator.ActiveCfg = Debug|Any CPU
		{5D90FFF8-A330-43B6-96B9-6801537F959D}.Debug|iPhoneSimulator.Build.0 = Debug|Any CPU
		{5D90FFF8-A330-43B6-96B9-6801537F959D}.Debug|iPhoneSimulator.Deploy.0 = Debug|Any CPU
		{5D90FFF8-A330-43B6-96B9-6801537F959D}.Debug|x64.ActiveCfg = Debug|Any CPU
		{5D90FFF8-A330-43B6-96B9-6801537F959D}.Debug|x64.Build.0 = Debug|Any CPU
		{5D90FFF8-A330-43B6-96B9-6801537F959D}.Debug|x64.Deploy.0 = Debug|Any CPU
		{5D90FFF8-A330-43B6-96B9-6801537F959D}.Debug|x86.ActiveCfg = Debug|Any CPU
		{5D90FFF8-A330-43B6-96B9-6801537F959D}.Debug|x86.Build.0 = Debug|Any CPU
		{5D90FFF8-A330-43B6-96B9-6801537F959D}.Debug|x86.Deploy.0 = Debug|Any CPU
		{5D90FFF8-A330-43B6-96B9-6801537F959D}.Release|Any CPU.ActiveCfg = Release|Any CPU
		{5D90FFF8-A330-43B6-96B9-6801537F959D}.Release|Any CPU.Build.0 = Release|Any CPU
		{5D90FFF8-A330-43B6-96B9-6801537F959D}.Release|Any CPU.Deploy.0 = Release|Any CPU
		{5D90FFF8-A330-43B6-96B9-6801537F959D}.Release|ARM.ActiveCfg = Release|Any CPU
		{5D90FFF8-A330-43B6-96B9-6801537F959D}.Release|ARM.Build.0 = Release|Any CPU
		{5D90FFF8-A330-43B6-96B9-6801537F959D}.Release|ARM.Deploy.0 = Release|Any CPU
		{5D90FFF8-A330-43B6-96B9-6801537F959D}.Release|iPhone.ActiveCfg = Release|Any CPU
		{5D90FFF8-A330-43B6-96B9-6801537F959D}.Release|iPhone.Build.0 = Release|Any CPU
		{5D90FFF8-A330-43B6-96B9-6801537F959D}.Release|iPhone.Deploy.0 = Release|Any CPU
		{5D90FFF8-A330-43B6-96B9-6801537F959D}.Release|iPhoneSimulator.ActiveCfg = Release|Any CPU
		{5D90FFF8-A330-43B6-96B9-6801537F959D}.Release|iPhoneSimulator.Build.0 = Release|Any CPU
		{5D90FFF8-A330-43B6-96B9-6801537F959D}.Release|iPhoneSimulator.Deploy.0 = Release|Any CPU
		{5D90FFF8-A330-43B6-96B9-6801537F959D}.Release|x64.ActiveCfg = Release|Any CPU
		{5D90FFF8-A330-43B6-96B9-6801537F959D}.Release|x64.Build.0 = Release|Any CPU
		{5D90FFF8-A330-43B6-96B9-6801537F959D}.Release|x64.Deploy.0 = Release|Any CPU
		{5D90FFF8-A330-43B6-96B9-6801537F959D}.Release|x86.ActiveCfg = Release|Any CPU
		{5D90FFF8-A330-43B6-96B9-6801537F959D}.Release|x86.Build.0 = Release|Any CPU
		{5D90FFF8-A330-43B6-96B9-6801537F959D}.Release|x86.Deploy.0 = Release|Any CPU
	EndGlobalSection
	GlobalSection(SolutionProperties) = preSolution
		HideSolutionNode = FALSE
	EndGlobalSection
	GlobalSection(ExtensibilityGlobals) = postSolution
		SolutionGuid = {9DE3436B-5962-457F-A6CC-0D9A45B0933C}
	EndGlobalSection
EndGlobal
